
Microsoft Visual Studio Solution File, Format Version 12.00
# Visual Studio 15
VisualStudioVersion = 15.0.26124.0
MinimumVisualStudioVersion = 15.0.26124.0
Project("{FAE04EC0-301F-11D3-BF4B-00C04F79EFBC}") = "Metaflow.Core", "Metaflow.Core\Metaflow.Core.csproj", "{09D02488-C6A4-4772-B573-149FAE03EC1D}"
EndProject
Project("{FAE04EC0-301F-11D3-BF4B-00C04F79EFBC}") = "Metaflow.Orleans", "Metaflow.Orleans\Metaflow.Orleans.csproj", "{1E75CB2C-35D2-4866-853B-965D3DED4FF4}"
EndProject
Project("{FAE04EC0-301F-11D3-BF4B-00C04F79EFBC}") = "Metaflow.Orleans.Tests", "Metaflow.Orleans.Tests\Metaflow.Orleans.Tests.csproj", "{E45E514B-A07F-4150-92E4-58F7A6C7839C}"
EndProject
Project("{FAE04EC0-301F-11D3-BF4B-00C04F79EFBC}") = "Metaflow.Orleans.DefaultHost", "Metaflow.Orleans.DefaultHost\Metaflow.Orleans.DefaultHost.csproj", "{96D90827-CC03-453B-8B17-2AE737EEAD06}"
EndProject
Global
	GlobalSection(SolutionConfigurationPlatforms) = preSolution
		Debug|Any CPU = Debug|Any CPU
		Debug|x64 = Debug|x64
		Debug|x86 = Debug|x86
		Release|Any CPU = Release|Any CPU
		Release|x64 = Release|x64
		Release|x86 = Release|x86
	EndGlobalSection
	GlobalSection(SolutionProperties) = preSolution
		HideSolutionNode = FALSE
	EndGlobalSection
	GlobalSection(ProjectConfigurationPlatforms) = postSolution
		{09D02488-C6A4-4772-B573-149FAE03EC1D}.Debug|Any CPU.ActiveCfg = Debug|Any CPU
		{09D02488-C6A4-4772-B573-149FAE03EC1D}.Debug|Any CPU.Build.0 = Debug|Any CPU
		{09D02488-C6A4-4772-B573-149FAE03EC1D}.Debug|x64.ActiveCfg = Debug|Any CPU
		{09D02488-C6A4-4772-B573-149FAE03EC1D}.Debug|x64.Build.0 = Debug|Any CPU
		{09D02488-C6A4-4772-B573-149FAE03EC1D}.Debug|x86.ActiveCfg = Debug|Any CPU
		{09D02488-C6A4-4772-B573-149FAE03EC1D}.Debug|x86.Build.0 = Debug|Any CPU
		{09D02488-C6A4-4772-B573-149FAE03EC1D}.Release|Any CPU.ActiveCfg = Release|Any CPU
		{09D02488-C6A4-4772-B573-149FAE03EC1D}.Release|Any CPU.Build.0 = Release|Any CPU
		{09D02488-C6A4-4772-B573-149FAE03EC1D}.Release|x64.ActiveCfg = Release|Any CPU
		{09D02488-C6A4-4772-B573-149FAE03EC1D}.Release|x64.Build.0 = Release|Any CPU
		{09D02488-C6A4-4772-B573-149FAE03EC1D}.Release|x86.ActiveCfg = Release|Any CPU
		{09D02488-C6A4-4772-B573-149FAE03EC1D}.Release|x86.Build.0 = Release|Any CPU
		{1E75CB2C-35D2-4866-853B-965D3DED4FF4}.Debug|Any CPU.ActiveCfg = Debug|Any CPU
		{1E75CB2C-35D2-4866-853B-965D3DED4FF4}.Debug|Any CPU.Build.0 = Debug|Any CPU
		{1E75CB2C-35D2-4866-853B-965D3DED4FF4}.Debug|x64.ActiveCfg = Debug|Any CPU
		{1E75CB2C-35D2-4866-853B-965D3DED4FF4}.Debug|x64.Build.0 = Debug|Any CPU
		{1E75CB2C-35D2-4866-853B-965D3DED4FF4}.Debug|x86.ActiveCfg = Debug|Any CPU
		{1E75CB2C-35D2-4866-853B-965D3DED4FF4}.Debug|x86.Build.0 = Debug|Any CPU
		{1E75CB2C-35D2-4866-853B-965D3DED4FF4}.Release|Any CPU.ActiveCfg = Release|Any CPU
		{1E75CB2C-35D2-4866-853B-965D3DED4FF4}.Release|Any CPU.Build.0 = Release|Any CPU
		{1E75CB2C-35D2-4866-853B-965D3DED4FF4}.Release|x64.ActiveCfg = Release|Any CPU
		{1E75CB2C-35D2-4866-853B-965D3DED4FF4}.Release|x64.Build.0 = Release|Any CPU
		{1E75CB2C-35D2-4866-853B-965D3DED4FF4}.Release|x86.ActiveCfg = Release|Any CPU
		{1E75CB2C-35D2-4866-853B-965D3DED4FF4}.Release|x86.Build.0 = Release|Any CPU
		{E45E514B-A07F-4150-92E4-58F7A6C7839C}.Debug|Any CPU.ActiveCfg = Debug|Any CPU
		{E45E514B-A07F-4150-92E4-58F7A6C7839C}.Debug|Any CPU.Build.0 = Debug|Any CPU
		{E45E514B-A07F-4150-92E4-58F7A6C7839C}.Debug|x64.ActiveCfg = Debug|Any CPU
		{E45E514B-A07F-4150-92E4-58F7A6C7839C}.Debug|x64.Build.0 = Debug|Any CPU
		{E45E514B-A07F-4150-92E4-58F7A6C7839C}.Debug|x86.ActiveCfg = Debug|Any CPU
		{E45E514B-A07F-4150-92E4-58F7A6C7839C}.Debug|x86.Build.0 = Debug|Any CPU
		{E45E514B-A07F-4150-92E4-58F7A6C7839C}.Release|Any CPU.ActiveCfg = Release|Any CPU
		{E45E514B-A07F-4150-92E4-58F7A6C7839C}.Release|Any CPU.Build.0 = Release|Any CPU
		{E45E514B-A07F-4150-92E4-58F7A6C7839C}.Release|x64.ActiveCfg = Release|Any CPU
		{E45E514B-A07F-4150-92E4-58F7A6C7839C}.Release|x64.Build.0 = Release|Any CPU
		{E45E514B-A07F-4150-92E4-58F7A6C7839C}.Release|x86.ActiveCfg = Release|Any CPU
		{E45E514B-A07F-4150-92E4-58F7A6C7839C}.Release|x86.Build.0 = Release|Any CPU
		{96D90827-CC03-453B-8B17-2AE737EEAD06}.Debug|Any CPU.ActiveCfg = Debug|Any CPU
		{96D90827-CC03-453B-8B17-2AE737EEAD06}.Debug|Any CPU.Build.0 = Debug|Any CPU
		{96D90827-CC03-453B-8B17-2AE737EEAD06}.Debug|x64.ActiveCfg = Debug|Any CPU
		{96D90827-CC03-453B-8B17-2AE737EEAD06}.Debug|x64.Build.0 = Debug|Any CPU
		{96D90827-CC03-453B-8B17-2AE737EEAD06}.Debug|x86.ActiveCfg = Debug|Any CPU
		{96D90827-CC03-453B-8B17-2AE737EEAD06}.Debug|x86.Build.0 = Debug|Any CPU
		{96D90827-CC03-453B-8B17-2AE737EEAD06}.Release|Any CPU.ActiveCfg = Release|Any CPU
		{96D90827-CC03-453B-8B17-2AE737EEAD06}.Release|Any CPU.Build.0 = Release|Any CPU
		{96D90827-CC03-453B-8B17-2AE737EEAD06}.Release|x64.ActiveCfg = Release|Any CPU
		{96D90827-CC03-453B-8B17-2AE737EEAD06}.Release|x64.Build.0 = Release|Any CPU
		{96D90827-CC03-453B-8B17-2AE737EEAD06}.Release|x86.ActiveCfg = Release|Any CPU
		{96D90827-CC03-453B-8B17-2AE737EEAD06}.Release|x86.Build.0 = Release|Any CPU
	EndGlobalSection
EndGlobal
