
Microsoft Visual Studio Solution File, Format Version 12.00
# Visual Studio 15
VisualStudioVersion = 15.0.26124.0
MinimumVisualStudioVersion = 15.0.26124.0
Project("{F2A71F9B-5D33-465A-A702-920D77279786}") = "Metaflow.Contracts", "Metaflow.Contracts\Metaflow.Contracts.fsproj", "{09D02488-C6A4-4772-B573-149FAE03EC1D}"
EndProject
Project("{FAE04EC0-301F-11D3-BF4B-00C04F79EFBC}") = "Metaflow.Config", "Metaflow.Config\Metaflow.Config.csproj", "{1E75CB2C-35D2-4866-853B-965D3DED4FF4}"
EndProject
Project("{FAE04EC0-301F-11D3-BF4B-00C04F79EFBC}") = "Metaflow.Tests.Host", "Metaflow.Tests.Host\Metaflow.Tests.Host.csproj", "{96D90827-CC03-453B-8B17-2AE737EEAD06}"
EndProject
Project("{F2A71F9B-5D33-465A-A702-920D77279786}") = "Metaflow", "Metaflow\Metaflow.fsproj", "{FF1D7E4D-6025-4123-9C6D-087F2B762B51}"
EndProject
Project("{F2A71F9B-5D33-465A-A702-920D77279786}") = "Metaflow.Tests", "Metaflow.Tests\Metaflow.Tests.fsproj", "{E95D13C8-6F42-4567-9614-E98E3A7AFAF7}"
EndProject
Project("{FAE04EC0-301F-11D3-BF4B-00C04F79EFBC}") = "Metaflow.Tests.Client", "Metaflow.Tests.Client\Metaflow.Tests.Client.csproj", "{F687AE48-35E4-467F-A642-0148560A75D0}"
EndProject
Project("{FAE04EC0-301F-11D3-BF4B-00C04F79EFBC}") = "Metaflow.Orleans.Grains.Contracts", "Metaflow.Orleans.Grains.Contracts\Metaflow.Orleans.Grains.Contracts.csproj", "{DB7FA2D2-F2D4-4557-ABBA-56491BE6576F}"
EndProject
Project("{FAE04EC0-301F-11D3-BF4B-00C04F79EFBC}") = "Metaflow.Orleans.Grains", "Metaflow.Orleans.Grains\Metaflow.Orleans.Grains.csproj", "{B88337A5-1DFE-4F47-941C-8513A1C26FF4}"
EndProject
Project("{F2A71F9B-5D33-465A-A702-920D77279786}") = "Metaflow.Orleans", "Metaflow.Orleans\Metaflow.Orleans.fsproj", "{904BD379-795B-4B97-A8BE-DA88501AA5FD}"
EndProject
Project("{FAE04EC0-301F-11D3-BF4B-00C04F79EFBC}") = "Metaflow.Orleans.Config", "Metaflow.Orleans.Config\Metaflow.Orleans.Config.csproj", "{18D532E1-BA65-4A44-939B-B4FB8A7D906A}"
EndProject
Global
	GlobalSection(SolutionConfigurationPlatforms) = preSolution
		Debug|Any CPU = Debug|Any CPU
		Debug|x64 = Debug|x64
		Debug|x86 = Debug|x86
		Release|Any CPU = Release|Any CPU
		Release|x64 = Release|x64
		Release|x86 = Release|x86
	EndGlobalSection
	GlobalSection(SolutionProperties) = preSolution
		HideSolutionNode = FALSE
	EndGlobalSection
	GlobalSection(ProjectConfigurationPlatforms) = postSolution
		{09D02488-C6A4-4772-B573-149FAE03EC1D}.Debug|Any CPU.ActiveCfg = Debug|Any CPU
		{09D02488-C6A4-4772-B573-149FAE03EC1D}.Debug|Any CPU.Build.0 = Debug|Any CPU
		{09D02488-C6A4-4772-B573-149FAE03EC1D}.Debug|x64.ActiveCfg = Debug|Any CPU
		{09D02488-C6A4-4772-B573-149FAE03EC1D}.Debug|x64.Build.0 = Debug|Any CPU
		{09D02488-C6A4-4772-B573-149FAE03EC1D}.Debug|x86.ActiveCfg = Debug|Any CPU
		{09D02488-C6A4-4772-B573-149FAE03EC1D}.Debug|x86.Build.0 = Debug|Any CPU
		{09D02488-C6A4-4772-B573-149FAE03EC1D}.Release|Any CPU.ActiveCfg = Release|Any CPU
		{09D02488-C6A4-4772-B573-149FAE03EC1D}.Release|Any CPU.Build.0 = Release|Any CPU
		{09D02488-C6A4-4772-B573-149FAE03EC1D}.Release|x64.ActiveCfg = Release|Any CPU
		{09D02488-C6A4-4772-B573-149FAE03EC1D}.Release|x64.Build.0 = Release|Any CPU
		{09D02488-C6A4-4772-B573-149FAE03EC1D}.Release|x86.ActiveCfg = Release|Any CPU
		{09D02488-C6A4-4772-B573-149FAE03EC1D}.Release|x86.Build.0 = Release|Any CPU
		{1E75CB2C-35D2-4866-853B-965D3DED4FF4}.Debug|Any CPU.ActiveCfg = Debug|Any CPU
		{1E75CB2C-35D2-4866-853B-965D3DED4FF4}.Debug|Any CPU.Build.0 = Debug|Any CPU
		{1E75CB2C-35D2-4866-853B-965D3DED4FF4}.Debug|x64.ActiveCfg = Debug|Any CPU
		{1E75CB2C-35D2-4866-853B-965D3DED4FF4}.Debug|x64.Build.0 = Debug|Any CPU
		{1E75CB2C-35D2-4866-853B-965D3DED4FF4}.Debug|x86.ActiveCfg = Debug|Any CPU
		{1E75CB2C-35D2-4866-853B-965D3DED4FF4}.Debug|x86.Build.0 = Debug|Any CPU
		{1E75CB2C-35D2-4866-853B-965D3DED4FF4}.Release|Any CPU.ActiveCfg = Release|Any CPU
		{1E75CB2C-35D2-4866-853B-965D3DED4FF4}.Release|Any CPU.Build.0 = Release|Any CPU
		{1E75CB2C-35D2-4866-853B-965D3DED4FF4}.Release|x64.ActiveCfg = Release|Any CPU
		{1E75CB2C-35D2-4866-853B-965D3DED4FF4}.Release|x64.Build.0 = Release|Any CPU
		{1E75CB2C-35D2-4866-853B-965D3DED4FF4}.Release|x86.ActiveCfg = Release|Any CPU
		{1E75CB2C-35D2-4866-853B-965D3DED4FF4}.Release|x86.Build.0 = Release|Any CPU
		{96D90827-CC03-453B-8B17-2AE737EEAD06}.Debug|Any CPU.ActiveCfg = Debug|Any CPU
		{96D90827-CC03-453B-8B17-2AE737EEAD06}.Debug|Any CPU.Build.0 = Debug|Any CPU
		{96D90827-CC03-453B-8B17-2AE737EEAD06}.Debug|x64.ActiveCfg = Debug|Any CPU
		{96D90827-CC03-453B-8B17-2AE737EEAD06}.Debug|x64.Build.0 = Debug|Any CPU
		{96D90827-CC03-453B-8B17-2AE737EEAD06}.Debug|x86.ActiveCfg = Debug|Any CPU
		{96D90827-CC03-453B-8B17-2AE737EEAD06}.Debug|x86.Build.0 = Debug|Any CPU
		{96D90827-CC03-453B-8B17-2AE737EEAD06}.Release|Any CPU.ActiveCfg = Release|Any CPU
		{96D90827-CC03-453B-8B17-2AE737EEAD06}.Release|Any CPU.Build.0 = Release|Any CPU
		{96D90827-CC03-453B-8B17-2AE737EEAD06}.Release|x64.ActiveCfg = Release|Any CPU
		{96D90827-CC03-453B-8B17-2AE737EEAD06}.Release|x64.Build.0 = Release|Any CPU
		{96D90827-CC03-453B-8B17-2AE737EEAD06}.Release|x86.ActiveCfg = Release|Any CPU
		{96D90827-CC03-453B-8B17-2AE737EEAD06}.Release|x86.Build.0 = Release|Any CPU
		{FF1D7E4D-6025-4123-9C6D-087F2B762B51}.Debug|Any CPU.ActiveCfg = Debug|Any CPU
		{FF1D7E4D-6025-4123-9C6D-087F2B762B51}.Debug|Any CPU.Build.0 = Debug|Any CPU
		{FF1D7E4D-6025-4123-9C6D-087F2B762B51}.Debug|x64.ActiveCfg = Debug|Any CPU
		{FF1D7E4D-6025-4123-9C6D-087F2B762B51}.Debug|x64.Build.0 = Debug|Any CPU
		{FF1D7E4D-6025-4123-9C6D-087F2B762B51}.Debug|x86.ActiveCfg = Debug|Any CPU
		{FF1D7E4D-6025-4123-9C6D-087F2B762B51}.Debug|x86.Build.0 = Debug|Any CPU
		{FF1D7E4D-6025-4123-9C6D-087F2B762B51}.Release|Any CPU.ActiveCfg = Release|Any CPU
		{FF1D7E4D-6025-4123-9C6D-087F2B762B51}.Release|Any CPU.Build.0 = Release|Any CPU
		{FF1D7E4D-6025-4123-9C6D-087F2B762B51}.Release|x64.ActiveCfg = Release|Any CPU
		{FF1D7E4D-6025-4123-9C6D-087F2B762B51}.Release|x64.Build.0 = Release|Any CPU
		{FF1D7E4D-6025-4123-9C6D-087F2B762B51}.Release|x86.ActiveCfg = Release|Any CPU
		{FF1D7E4D-6025-4123-9C6D-087F2B762B51}.Release|x86.Build.0 = Release|Any CPU
		{E95D13C8-6F42-4567-9614-E98E3A7AFAF7}.Debug|Any CPU.ActiveCfg = Debug|Any CPU
		{E95D13C8-6F42-4567-9614-E98E3A7AFAF7}.Debug|Any CPU.Build.0 = Debug|Any CPU
		{E95D13C8-6F42-4567-9614-E98E3A7AFAF7}.Debug|x64.ActiveCfg = Debug|Any CPU
		{E95D13C8-6F42-4567-9614-E98E3A7AFAF7}.Debug|x64.Build.0 = Debug|Any CPU
		{E95D13C8-6F42-4567-9614-E98E3A7AFAF7}.Debug|x86.ActiveCfg = Debug|Any CPU
		{E95D13C8-6F42-4567-9614-E98E3A7AFAF7}.Debug|x86.Build.0 = Debug|Any CPU
		{E95D13C8-6F42-4567-9614-E98E3A7AFAF7}.Release|Any CPU.ActiveCfg = Release|Any CPU
		{E95D13C8-6F42-4567-9614-E98E3A7AFAF7}.Release|Any CPU.Build.0 = Release|Any CPU
		{E95D13C8-6F42-4567-9614-E98E3A7AFAF7}.Release|x64.ActiveCfg = Release|Any CPU
		{E95D13C8-6F42-4567-9614-E98E3A7AFAF7}.Release|x64.Build.0 = Release|Any CPU
		{E95D13C8-6F42-4567-9614-E98E3A7AFAF7}.Release|x86.ActiveCfg = Release|Any CPU
		{E95D13C8-6F42-4567-9614-E98E3A7AFAF7}.Release|x86.Build.0 = Release|Any CPU
		{F687AE48-35E4-467F-A642-0148560A75D0}.Debug|Any CPU.ActiveCfg = Debug|Any CPU
		{F687AE48-35E4-467F-A642-0148560A75D0}.Debug|Any CPU.Build.0 = Debug|Any CPU
		{F687AE48-35E4-467F-A642-0148560A75D0}.Debug|x64.ActiveCfg = Debug|Any CPU
		{F687AE48-35E4-467F-A642-0148560A75D0}.Debug|x64.Build.0 = Debug|Any CPU
		{F687AE48-35E4-467F-A642-0148560A75D0}.Debug|x86.ActiveCfg = Debug|Any CPU
		{F687AE48-35E4-467F-A642-0148560A75D0}.Debug|x86.Build.0 = Debug|Any CPU
		{F687AE48-35E4-467F-A642-0148560A75D0}.Release|Any CPU.ActiveCfg = Release|Any CPU
		{F687AE48-35E4-467F-A642-0148560A75D0}.Release|Any CPU.Build.0 = Release|Any CPU
		{F687AE48-35E4-467F-A642-0148560A75D0}.Release|x64.ActiveCfg = Release|Any CPU
		{F687AE48-35E4-467F-A642-0148560A75D0}.Release|x64.Build.0 = Release|Any CPU
		{F687AE48-35E4-467F-A642-0148560A75D0}.Release|x86.ActiveCfg = Release|Any CPU
		{F687AE48-35E4-467F-A642-0148560A75D0}.Release|x86.Build.0 = Release|Any CPU
		{DB7FA2D2-F2D4-4557-ABBA-56491BE6576F}.Debug|Any CPU.ActiveCfg = Debug|Any CPU
		{DB7FA2D2-F2D4-4557-ABBA-56491BE6576F}.Debug|Any CPU.Build.0 = Debug|Any CPU
		{DB7FA2D2-F2D4-4557-ABBA-56491BE6576F}.Debug|x64.ActiveCfg = Debug|Any CPU
		{DB7FA2D2-F2D4-4557-ABBA-56491BE6576F}.Debug|x64.Build.0 = Debug|Any CPU
		{DB7FA2D2-F2D4-4557-ABBA-56491BE6576F}.Debug|x86.ActiveCfg = Debug|Any CPU
		{DB7FA2D2-F2D4-4557-ABBA-56491BE6576F}.Debug|x86.Build.0 = Debug|Any CPU
		{DB7FA2D2-F2D4-4557-ABBA-56491BE6576F}.Release|Any CPU.ActiveCfg = Release|Any CPU
		{DB7FA2D2-F2D4-4557-ABBA-56491BE6576F}.Release|Any CPU.Build.0 = Release|Any CPU
		{DB7FA2D2-F2D4-4557-ABBA-56491BE6576F}.Release|x64.ActiveCfg = Release|Any CPU
		{DB7FA2D2-F2D4-4557-ABBA-56491BE6576F}.Release|x64.Build.0 = Release|Any CPU
		{DB7FA2D2-F2D4-4557-ABBA-56491BE6576F}.Release|x86.ActiveCfg = Release|Any CPU
		{DB7FA2D2-F2D4-4557-ABBA-56491BE6576F}.Release|x86.Build.0 = Release|Any CPU
		{B88337A5-1DFE-4F47-941C-8513A1C26FF4}.Debug|Any CPU.ActiveCfg = Debug|Any CPU
		{B88337A5-1DFE-4F47-941C-8513A1C26FF4}.Debug|Any CPU.Build.0 = Debug|Any CPU
		{B88337A5-1DFE-4F47-941C-8513A1C26FF4}.Debug|x64.ActiveCfg = Debug|Any CPU
		{B88337A5-1DFE-4F47-941C-8513A1C26FF4}.Debug|x64.Build.0 = Debug|Any CPU
		{B88337A5-1DFE-4F47-941C-8513A1C26FF4}.Debug|x86.ActiveCfg = Debug|Any CPU
		{B88337A5-1DFE-4F47-941C-8513A1C26FF4}.Debug|x86.Build.0 = Debug|Any CPU
		{B88337A5-1DFE-4F47-941C-8513A1C26FF4}.Release|Any CPU.ActiveCfg = Release|Any CPU
		{B88337A5-1DFE-4F47-941C-8513A1C26FF4}.Release|Any CPU.Build.0 = Release|Any CPU
		{B88337A5-1DFE-4F47-941C-8513A1C26FF4}.Release|x64.ActiveCfg = Release|Any CPU
		{B88337A5-1DFE-4F47-941C-8513A1C26FF4}.Release|x64.Build.0 = Release|Any CPU
		{B88337A5-1DFE-4F47-941C-8513A1C26FF4}.Release|x86.ActiveCfg = Release|Any CPU
		{B88337A5-1DFE-4F47-941C-8513A1C26FF4}.Release|x86.Build.0 = Release|Any CPU
		{904BD379-795B-4B97-A8BE-DA88501AA5FD}.Debug|Any CPU.ActiveCfg = Debug|Any CPU
		{904BD379-795B-4B97-A8BE-DA88501AA5FD}.Debug|Any CPU.Build.0 = Debug|Any CPU
		{904BD379-795B-4B97-A8BE-DA88501AA5FD}.Debug|x64.ActiveCfg = Debug|Any CPU
		{904BD379-795B-4B97-A8BE-DA88501AA5FD}.Debug|x64.Build.0 = Debug|Any CPU
		{904BD379-795B-4B97-A8BE-DA88501AA5FD}.Debug|x86.ActiveCfg = Debug|Any CPU
		{904BD379-795B-4B97-A8BE-DA88501AA5FD}.Debug|x86.Build.0 = Debug|Any CPU
		{904BD379-795B-4B97-A8BE-DA88501AA5FD}.Release|Any CPU.ActiveCfg = Release|Any CPU
		{904BD379-795B-4B97-A8BE-DA88501AA5FD}.Release|Any CPU.Build.0 = Release|Any CPU
		{904BD379-795B-4B97-A8BE-DA88501AA5FD}.Release|x64.ActiveCfg = Release|Any CPU
		{904BD379-795B-4B97-A8BE-DA88501AA5FD}.Release|x64.Build.0 = Release|Any CPU
		{904BD379-795B-4B97-A8BE-DA88501AA5FD}.Release|x86.ActiveCfg = Release|Any CPU
		{904BD379-795B-4B97-A8BE-DA88501AA5FD}.Release|x86.Build.0 = Release|Any CPU
		{18D532E1-BA65-4A44-939B-B4FB8A7D906A}.Debug|Any CPU.ActiveCfg = Debug|Any CPU
		{18D532E1-BA65-4A44-939B-B4FB8A7D906A}.Debug|Any CPU.Build.0 = Debug|Any CPU
		{18D532E1-BA65-4A44-939B-B4FB8A7D906A}.Debug|x64.ActiveCfg = Debug|Any CPU
		{18D532E1-BA65-4A44-939B-B4FB8A7D906A}.Debug|x64.Build.0 = Debug|Any CPU
		{18D532E1-BA65-4A44-939B-B4FB8A7D906A}.Debug|x86.ActiveCfg = Debug|Any CPU
		{18D532E1-BA65-4A44-939B-B4FB8A7D906A}.Debug|x86.Build.0 = Debug|Any CPU
		{18D532E1-BA65-4A44-939B-B4FB8A7D906A}.Release|Any CPU.ActiveCfg = Release|Any CPU
		{18D532E1-BA65-4A44-939B-B4FB8A7D906A}.Release|Any CPU.Build.0 = Release|Any CPU
		{18D532E1-BA65-4A44-939B-B4FB8A7D906A}.Release|x64.ActiveCfg = Release|Any CPU
		{18D532E1-BA65-4A44-939B-B4FB8A7D906A}.Release|x64.Build.0 = Release|Any CPU
		{18D532E1-BA65-4A44-939B-B4FB8A7D906A}.Release|x86.ActiveCfg = Release|Any CPU
		{18D532E1-BA65-4A44-939B-B4FB8A7D906A}.Release|x86.Build.0 = Release|Any CPU
	EndGlobalSection
EndGlobal
